
Microsoft Visual Studio Solution File, Format Version 12.00
# Visual Studio Version 17
VisualStudioVersion = 17.14.36109.1 d17.14
MinimumVisualStudioVersion = 10.0.40219.1
Project("{FAE04EC0-301F-11D3-BF4B-00C04F79EFBC}") = "SchemeServe.Provider.Api", "SchemeServe.Provider.Api.csproj", "{49C59215-44D9-497E-8462-B23A1B65DBFB}"
EndProject
Global
	GlobalSection(SolutionConfigurationPlatforms) = preSolution
		Debug|Any CPU = Debug|Any CPU
		Release|Any CPU = Release|Any CPU
	EndGlobalSection
	GlobalSection(ProjectConfigurationPlatforms) = postSolution
		{49C59215-44D9-497E-8462-B23A1B65DBFB}.Debug|Any CPU.ActiveCfg = Debug|Any CPU
		{49C59215-44D9-497E-8462-B23A1B65DBFB}.Debug|Any CPU.Build.0 = Debug|Any CPU
		{49C59215-44D9-497E-8462-B23A1B65DBFB}.Release|Any CPU.ActiveCfg = Release|Any CPU
		{49C59215-44D9-497E-8462-B23A1B65DBFB}.Release|Any CPU.Build.0 = Release|Any CPU
	EndGlobalSection
	GlobalSection(SolutionProperties) = preSolution
		HideSolutionNode = FALSE
	EndGlobalSection
	GlobalSection(ExtensibilityGlobals) = postSolution
		SolutionGuid = {E9C5A43F-2D7D-46D4-90D1-18EE3B3427EA}
	EndGlobalSection
EndGlobal
